
Microsoft Visual Studio Solution File, Format Version 12.00
# Visual Studio Version 16
VisualStudioVersion = 16.0.31729.503
MinimumVisualStudioVersion = 10.0.40219.1
Project("{9A19103F-16F7-4668-BE54-9A1E7A4F7556}") = "simpleDNS", "simpleDNS\simpleDNS.csproj", "{BD9E35DB-CD31-40E4-9894-66452E985BAA}"
EndProject
Project("{9A19103F-16F7-4668-BE54-9A1E7A4F7556}") = "DNS", "DNS\DNS.csproj", "{11739EC8-840A-449E-91F0-490F8286361D}"
EndProject
Global
	GlobalSection(SolutionConfigurationPlatforms) = preSolution
		Debug|Any CPU = Debug|Any CPU
		Release|Any CPU = Release|Any CPU
	EndGlobalSection
	GlobalSection(ProjectConfigurationPlatforms) = postSolution
		{BD9E35DB-CD31-40E4-9894-66452E985BAA}.Debug|Any CPU.ActiveCfg = Debug|Any CPU
		{BD9E35DB-CD31-40E4-9894-66452E985BAA}.Debug|Any CPU.Build.0 = Debug|Any CPU
		{BD9E35DB-CD31-40E4-9894-66452E985BAA}.Release|Any CPU.ActiveCfg = Release|Any CPU
		{BD9E35DB-CD31-40E4-9894-66452E985BAA}.Release|Any CPU.Build.0 = Release|Any CPU
		{11739EC8-840A-449E-91F0-490F8286361D}.Debug|Any CPU.ActiveCfg = Debug|Any CPU
		{11739EC8-840A-449E-91F0-490F8286361D}.Debug|Any CPU.Build.0 = Debug|Any CPU
		{11739EC8-840A-449E-91F0-490F8286361D}.Release|Any CPU.ActiveCfg = Release|Any CPU
		{11739EC8-840A-449E-91F0-490F8286361D}.Release|Any CPU.Build.0 = Release|Any CPU
	EndGlobalSection
	GlobalSection(SolutionProperties) = preSolution
		HideSolutionNode = FALSE
	EndGlobalSection
	GlobalSection(ExtensibilityGlobals) = postSolution
		SolutionGuid = {D414B862-764A-497E-8154-62C69F55CE44}
	EndGlobalSection
EndGlobal
